
Microsoft Visual Studio Solution File, Format Version 12.00
# Visual Studio Version 17
VisualStudioVersion = 17.4.33213.308
MinimumVisualStudioVersion = 10.0.40219.1
Project("{FAE04EC0-301F-11D3-BF4B-00C04F79EFBC}") = "API-Impressoras(ADO.NET)", "API-Impressoras(ADO.NET)\API-Impressoras(ADO.NET).csproj", "{CAAE0ED4-E4D4-4C90-A0F0-FCF6985F3740}"
EndProject
Global
	GlobalSection(SolutionConfigurationPlatforms) = preSolution
		Debug|Any CPU = Debug|Any CPU
		Release|Any CPU = Release|Any CPU
	EndGlobalSection
	GlobalSection(ProjectConfigurationPlatforms) = postSolution
		{CAAE0ED4-E4D4-4C90-A0F0-FCF6985F3740}.Debug|Any CPU.ActiveCfg = Debug|Any CPU
		{CAAE0ED4-E4D4-4C90-A0F0-FCF6985F3740}.Debug|Any CPU.Build.0 = Debug|Any CPU
		{CAAE0ED4-E4D4-4C90-A0F0-FCF6985F3740}.Release|Any CPU.ActiveCfg = Release|Any CPU
		{CAAE0ED4-E4D4-4C90-A0F0-FCF6985F3740}.Release|Any CPU.Build.0 = Release|Any CPU
	EndGlobalSection
	GlobalSection(SolutionProperties) = preSolution
		HideSolutionNode = FALSE
	EndGlobalSection
	GlobalSection(ExtensibilityGlobals) = postSolution
		SolutionGuid = {C5D9A9C7-68CF-47BB-A0B5-46B920C1B3D8}
	EndGlobalSection
EndGlobal
